
Microsoft Visual Studio Solution File, Format Version 12.00
# Visual Studio Version 16
VisualStudioVersion = 16.0.33214.272
MinimumVisualStudioVersion = 10.0.40219.1
Project("{FAE04EC0-301F-11D3-BF4B-00C04F79EFBC}") = "GitFun", "GitFun\GitFun.csproj", "{4719EB8F-7F38-4D6B-9A21-3E1D781A750D}"
EndProject
Global
	GlobalSection(SolutionConfigurationPlatforms) = preSolution
		Debug|Any CPU = Debug|Any CPU
		Release|Any CPU = Release|Any CPU
	EndGlobalSection
	GlobalSection(ProjectConfigurationPlatforms) = postSolution
		{4719EB8F-7F38-4D6B-9A21-3E1D781A750D}.Debug|Any CPU.ActiveCfg = Debug|Any CPU
		{4719EB8F-7F38-4D6B-9A21-3E1D781A750D}.Debug|Any CPU.Build.0 = Debug|Any CPU
		{4719EB8F-7F38-4D6B-9A21-3E1D781A750D}.Release|Any CPU.ActiveCfg = Release|Any CPU
		{4719EB8F-7F38-4D6B-9A21-3E1D781A750D}.Release|Any CPU.Build.0 = Release|Any CPU
	EndGlobalSection
	GlobalSection(SolutionProperties) = preSolution
		HideSolutionNode = FALSE
	EndGlobalSection
	GlobalSection(ExtensibilityGlobals) = postSolution
		SolutionGuid = {4A144E33-D742-4BE8-AB8D-C5E99B02D5EE}
	EndGlobalSection
EndGlobal
